PODS:
  - Alamofire (5.4.0)
  - CTNet (0.2.2):
    - Alamofire (~> 5.4.0)

DEPENDENCIES:
  - CTNet (from `../`)

SPEC REPOS:
  https://github.com/CocoaPods/Specs.git:
    - Alamofire

EXTERNAL SOURCES:
  CTNet:
    :path: "../"

SPEC CHECKSUMS:
  Alamofire: 3b6a534a3df22db367e4dedeeca73d1ddfcf0e2f
  CTNet: 4418d7866f87a2de8b853906ab7eda34a2b6ae18

PODFILE CHECKSUM: d4c6bcf21911ef9be777158a698cb68db899b215

COCOAPODS: 1.10.0
